
Microsoft Visual Studio Solution File, Format Version 12.00
# Visual Studio 15
VisualStudioVersion = 15.0.28307.168
MinimumVisualStudioVersion = 10.0.40219.1
Project("{F184B08F-C81C-45F6-A57F-5ABD9991F28F}") = "StoricoP", "StoricoP\StoricoP.vbproj", "{8018374E-1E4A-45BD-8BC6-9198F0A9B1DC}"
EndProject
Global
	GlobalSection(SolutionConfigurationPlatforms) = preSolution
		Debug|Any CPU = Debug|Any CPU
		Debug|x64 = Debug|x64
		Debug|x86 = Debug|x86
		Release|Any CPU = Release|Any CPU
		Release|x64 = Release|x64
		Release|x86 = Release|x86
	EndGlobalSection
	GlobalSection(ProjectConfigurationPlatforms) = postSolution
		{8018374E-1E4A-45BD-8BC6-9198F0A9B1DC}.Debug|Any CPU.ActiveCfg = Release|x64
		{8018374E-1E4A-45BD-8BC6-9198F0A9B1DC}.Debug|Any CPU.Build.0 = Release|x64
		{8018374E-1E4A-45BD-8BC6-9198F0A9B1DC}.Debug|x64.ActiveCfg = Debug|x64
		{8018374E-1E4A-45BD-8BC6-9198F0A9B1DC}.Debug|x64.Build.0 = Debug|x64
		{8018374E-1E4A-45BD-8BC6-9198F0A9B1DC}.Debug|x86.ActiveCfg = Debug|x86
		{8018374E-1E4A-45BD-8BC6-9198F0A9B1DC}.Debug|x86.Build.0 = Debug|x86
		{8018374E-1E4A-45BD-8BC6-9198F0A9B1DC}.Release|Any CPU.ActiveCfg = Release|Any CPU
		{8018374E-1E4A-45BD-8BC6-9198F0A9B1DC}.Release|Any CPU.Build.0 = Release|Any CPU
		{8018374E-1E4A-45BD-8BC6-9198F0A9B1DC}.Release|x64.ActiveCfg = Release|x64
		{8018374E-1E4A-45BD-8BC6-9198F0A9B1DC}.Release|x64.Build.0 = Release|x64
		{8018374E-1E4A-45BD-8BC6-9198F0A9B1DC}.Release|x86.ActiveCfg = Release|x86
		{8018374E-1E4A-45BD-8BC6-9198F0A9B1DC}.Release|x86.Build.0 = Release|x86
	EndGlobalSection
	GlobalSection(SolutionProperties) = preSolution
		HideSolutionNode = FALSE
	EndGlobalSection
	GlobalSection(ExtensibilityGlobals) = postSolution
		SolutionGuid = {C06DC410-DFB5-4F49-9F7F-7DE5F8329E6E}
	EndGlobalSection
EndGlobal
